{
  "version": "v1",
  "packages": {
    "react-dataparcels": {
      "signature": "9bf01c7f1c364ab6414e7c3ae70126ef",
      "file": true,
      "replaced": "^0.21.0"
    },
    "react-dataparcels-drag": {
      "signature": "98f681217ccdf546520c6c0936b3b744",
      "file": true,
      "replaced": "^0.21.0"
    }
  }
}